# This file is automatically @generated by Cargo.
# It is not intended for manual editing.
version = 4

[[package]]
name = "audio_buffer"
version = "0.1.0"
dependencies = [
 "byte_convertible",
 "bytes_parser",
 "file_ref",
]

[[package]]
name = "byte_convertible"
version = "0.1.0"
source = "git+https://github.com/SuccessfullyFailed/byte_convertible#4366caa34110fc2246c49c3962c864dc875992ae"

[[package]]
name = "bytes_parser"
version = "0.1.0"
source = "git+https://github.com/SuccessfullyFailed/bytes_parser#724c18a893ac180bd0fcef4d3103f7a994952c4f"

[[package]]
name = "file_ref"
version = "0.1.2"
source = "git+https://github.com/SuccessfullyFailed/file_ref#f878a277e98390e0e078c484d70a74b4563178e3"
